// !$*UTF8*$!
{
	archiveVersion = 1;
	classes = {
	};
	objectVersion = 50;
	objects = {

/* Begin PBXBuildFile section */
		FA18D2C92637E5BD003BA3D0 /* ExternalWeblinkView.swift in Sources */ = {isa = PBXBuildFile; fileRef = FA18D2C82637E5BD003BA3D0 /* ExternalWeblinkView.swift */; };
		FA21BF7A26314686003D4E2A /* AfricaApp.swift in Sources */ = {isa = PBXBuildFile; fileRef = FA21BF7926314686003D4E2A /* AfricaApp.swift */; };
		FA21BF7C26314686003D4E2A /* ContentView.swift in Sources */ = {isa = PBXBuildFile; fileRef = FA21BF7B26314686003D4E2A /* ContentView.swift */; };
		FA21BF7E26314686003D4E2A /* Assets.xcassets in Resources */ = {isa = PBXBuildFile; fileRef = FA21BF7D26314686003D4E2A /* Assets.xcassets */; };
		FA21BF8126314686003D4E2A /* Preview Assets.xcassets in Resources */ = {isa = PBXBuildFile; fileRef = FA21BF8026314686003D4E2A /* Preview Assets.xcassets */; };
		FA21BF9426314AFD003D4E2A /* cheetah.mp4 in Resources */ = {isa = PBXBuildFile; fileRef = FA21BF8A26314AFD003D4E2A /* cheetah.mp4 */; };
		FA21BF9526314AFD003D4E2A /* elephant.mp4 in Resources */ = {isa = PBXBuildFile; fileRef = FA21BF8B26314AFD003D4E2A /* elephant.mp4 */; };
		FA21BF9626314AFD003D4E2A /* lioness.mp4 in Resources */ = {isa = PBXBuildFile; fileRef = FA21BF8C26314AFD003D4E2A /* lioness.mp4 */; };
		FA21BF9726314AFD003D4E2A /* ostrich.mp4 in Resources */ = {isa = PBXBuildFile; fileRef = FA21BF8D26314AFD003D4E2A /* ostrich.mp4 */; };
		FA21BF9826314AFD003D4E2A /* gorilla.mp4 in Resources */ = {isa = PBXBuildFile; fileRef = FA21BF8E26314AFD003D4E2A /* gorilla.mp4 */; };
		FA21BF9926314AFD003D4E2A /* rhino.mp4 in Resources */ = {isa = PBXBuildFile; fileRef = FA21BF8F26314AFD003D4E2A /* rhino.mp4 */; };
		FA21BF9A26314AFD003D4E2A /* zebra.mp4 in Resources */ = {isa = PBXBuildFile; fileRef = FA21BF9026314AFD003D4E2A /* zebra.mp4 */; };
		FA21BF9B26314AFD003D4E2A /* giraffe.mp4 in Resources */ = {isa = PBXBuildFile; fileRef = FA21BF9126314AFD003D4E2A /* giraffe.mp4 */; };
		FA21BF9C26314AFD003D4E2A /* hippo.mp4 in Resources */ = {isa = PBXBuildFile; fileRef = FA21BF9226314AFD003D4E2A /* hippo.mp4 */; };
		FA21BF9D26314AFD003D4E2A /* lion.mp4 in Resources */ = {isa = PBXBuildFile; fileRef = FA21BF9326314AFD003D4E2A /* lion.mp4 */; };
		FA21BFA426314BD0003D4E2A /* animals.json in Resources */ = {isa = PBXBuildFile; fileRef = FA21BFA026314BD0003D4E2A /* animals.json */; };
		FA21BFA526314BD0003D4E2A /* covers.json in Resources */ = {isa = PBXBuildFile; fileRef = FA21BFA126314BD0003D4E2A /* covers.json */; };
		FA21BFA626314BD0003D4E2A /* locations.json in Resources */ = {isa = PBXBuildFile; fileRef = FA21BFA226314BD0003D4E2A /* locations.json */; };
		FA21BFA726314BD0003D4E2A /* videos.json in Resources */ = {isa = PBXBuildFile; fileRef = FA21BFA326314BD0003D4E2A /* videos.json */; };
		FA21BFAD26315181003D4E2A /* VideoListView.swift in Sources */ = {isa = PBXBuildFile; fileRef = FA21BFAC26315181003D4E2A /* VideoListView.swift */; };
		FA21BFB0263151A6003D4E2A /* MapView.swift in Sources */ = {isa = PBXBuildFile; fileRef = FA21BFAF263151A6003D4E2A /* MapView.swift */; };
		FA21BFB3263151CB003D4E2A /* GalleryView.swift in Sources */ = {isa = PBXBuildFile; fileRef = FA21BFB2263151CB003D4E2A /* GalleryView.swift */; };
		FA21BFB6263151EF003D4E2A /* MainView.swift in Sources */ = {isa = PBXBuildFile; fileRef = FA21BFB5263151EF003D4E2A /* MainView.swift */; };
		FA224C3126373344005E734A /* AnimalDetailView.swift in Sources */ = {isa = PBXBuildFile; fileRef = FA224C3026373344005E734A /* AnimalDetailView.swift */; };
		FA224C34263738C5005E734A /* HeadingView.swift in Sources */ = {isa = PBXBuildFile; fileRef = FA224C33263738C5005E734A /* HeadingView.swift */; };
		FA224C3726373BCA005E734A /* InsetGalleryView.swift in Sources */ = {isa = PBXBuildFile; fileRef = FA224C3626373BCA005E734A /* InsetGalleryView.swift */; };
		FA336A362631D91C00F99E61 /* CoverImageView.swift in Sources */ = {isa = PBXBuildFile; fileRef = FA336A352631D91C00F99E61 /* CoverImageView.swift */; };
		FA336A3B2631DC4100F99E61 /* CoverImageModel.swift in Sources */ = {isa = PBXBuildFile; fileRef = FA336A3A2631DC4000F99E61 /* CoverImageModel.swift */; };
		FA336A3F2631DE1A00F99E61 /* CodableBundleExtension.swift in Sources */ = {isa = PBXBuildFile; fileRef = FA336A3E2631DE1A00F99E61 /* CodableBundleExtension.swift */; };
		FA336A432631ED1E00F99E61 /* AnimalListItemView.swift in Sources */ = {isa = PBXBuildFile; fileRef = FA336A422631ED1E00F99E61 /* AnimalListItemView.swift */; };
		FA336A462631F1A400F99E61 /* AnimalModel.swift in Sources */ = {isa = PBXBuildFile; fileRef = FA336A452631F1A400F99E61 /* AnimalModel.swift */; };
		FA75E05F2637D701000CC74D /* InsetFactView.swift in Sources */ = {isa = PBXBuildFile; fileRef = FA75E05E2637D701000CC74D /* InsetFactView.swift */; };
		FA75E0622637DD37000CC74D /* InsetMapView.swift in Sources */ = {isa = PBXBuildFile; fileRef = FA75E0612637DD37000CC74D /* InsetMapView.swift */; };
		FAAA7A322638048F00710934 /* VideoModel.swift in Sources */ = {isa = PBXBuildFile; fileRef = FAAA7A312638048F00710934 /* VideoModel.swift */; };
		FAAA7A342638052A00710934 /* VideoListItemView.swift in Sources */ = {isa = PBXBuildFile; fileRef = FAAA7A332638052A00710934 /* VideoListItemView.swift */; };
		FAAECAC6263882560075191A /* VideoPlayerHelper.swift in Sources */ = {isa = PBXBuildFile; fileRef = FAAECAC5263882560075191A /* VideoPlayerHelper.swift */; };
		FAE10ADC26388067004D61CB /* VideoPlayerView.swift in Sources */ = {isa = PBXBuildFile; fileRef = FAE10ADB26388067004D61CB /* VideoPlayerView.swift */; };
/* End PBXBuildFile section */

/* Begin PBXFileReference section */
		FA18D2C82637E5BD003BA3D0 /* ExternalWeblinkView.swift */ = {isa = PBXFileReference; lastKnownFileType = sourcecode.swift; path = ExternalWeblinkView.swift; sourceTree = "<group>"; };
		FA21BF7626314686003D4E2A /* Africa.app */ = {isa = PBXFileReference; explicitFileType = wrapper.application; includeInIndex = 0; path = Africa.app; sourceTree = BUILT_PRODUCTS_DIR; };
		FA21BF7926314686003D4E2A /* AfricaApp.swift */ = {isa = PBXFileReference; lastKnownFileType = sourcecode.swift; path = AfricaApp.swift; sourceTree = "<group>"; };
		FA21BF7B26314686003D4E2A /* ContentView.swift */ = {isa = PBXFileReference; lastKnownFileType = sourcecode.swift; path = ContentView.swift; sourceTree = "<group>"; };
		FA21BF7D26314686003D4E2A /* Assets.xcassets */ = {isa = PBXFileReference; lastKnownFileType = folder.assetcatalog; path = Assets.xcassets; sourceTree = "<group>"; };
		FA21BF8026314686003D4E2A /* Preview Assets.xcassets */ = {isa = PBXFileReference; lastKnownFileType = folder.assetcatalog; path = "Preview Assets.xcassets"; sourceTree = "<group>"; };
		FA21BF8226314686003D4E2A /* Info.plist */ = {isa = PBXFileReference; lastKnownFileType = text.plist.xml; path = Info.plist; sourceTree = "<group>"; };
		FA21BF8A26314AFD003D4E2A /* cheetah.mp4 */ = {isa = PBXFileReference; lastKnownFileType = file; name = cheetah.mp4; path = ../../../../Resources/video/cheetah.mp4; sourceTree = "<group>"; };
		FA21BF8B26314AFD003D4E2A /* elephant.mp4 */ = {isa = PBXFileReference; lastKnownFileType = file; name = elephant.mp4; path = ../../../../Resources/video/elephant.mp4; sourceTree = "<group>"; };
		FA21BF8C26314AFD003D4E2A /* lioness.mp4 */ = {isa = PBXFileReference; lastKnownFileType = file; name = lioness.mp4; path = ../../../../Resources/video/lioness.mp4; sourceTree = "<group>"; };
		FA21BF8D26314AFD003D4E2A /* ostrich.mp4 */ = {isa = PBXFileReference; lastKnownFileType = file; name = ostrich.mp4; path = ../../../../Resources/video/ostrich.mp4; sourceTree = "<group>"; };
		FA21BF8E26314AFD003D4E2A /* gorilla.mp4 */ = {isa = PBXFileReference; lastKnownFileType = file; name = gorilla.mp4; path = ../../../../Resources/video/gorilla.mp4; sourceTree = "<group>"; };
		FA21BF8F26314AFD003D4E2A /* rhino.mp4 */ = {isa = PBXFileReference; lastKnownFileType = file; name = rhino.mp4; path = ../../../../Resources/video/rhino.mp4; sourceTree = "<group>"; };
		FA21BF9026314AFD003D4E2A /* zebra.mp4 */ = {isa = PBXFileReference; lastKnownFileType = file; name = zebra.mp4; path = ../../../../Resources/video/zebra.mp4; sourceTree = "<group>"; };
		FA21BF9126314AFD003D4E2A /* giraffe.mp4 */ = {isa = PBXFileReference; lastKnownFileType = file; name = giraffe.mp4; path = ../../../../Resources/video/giraffe.mp4; sourceTree = "<group>"; };
		FA21BF9226314AFD003D4E2A /* hippo.mp4 */ = {isa = PBXFileReference; lastKnownFileType = file; name = hippo.mp4; path = ../../../../Resources/video/hippo.mp4; sourceTree = "<group>"; };
		FA21BF9326314AFD003D4E2A /* lion.mp4 */ = {isa = PBXFileReference; lastKnownFileType = file; name = lion.mp4; path = ../../../../Resources/video/lion.mp4; sourceTree = "<group>"; };
		FA21BFA026314BD0003D4E2A /* animals.json */ = {isa = PBXFileReference; fileEncoding = 4; lastKnownFileType = text.json; name = animals.json; path = ../../../../Resources/data/animals.json; sourceTree = "<group>"; };
		FA21BFA126314BD0003D4E2A /* covers.json */ = {isa = PBXFileReference; fileEncoding = 4; lastKnownFileType = text.json; name = covers.json; path = ../../../../Resources/data/covers.json; sourceTree = "<group>"; };
		FA21BFA226314BD0003D4E2A /* locations.json */ = {isa = PBXFileReference; fileEncoding = 4; lastKnownFileType = text.json; name = locations.json; path = ../../../../Resources/data/locations.json; sourceTree = "<group>"; };
		FA21BFA326314BD0003D4E2A /* videos.json */ = {isa = PBXFileReference; fileEncoding = 4; lastKnownFileType = text.json; name = videos.json; path = ../../../../Resources/data/videos.json; sourceTree = "<group>"; };
		FA21BFAC26315181003D4E2A /* VideoListView.swift */ = {isa = PBXFileReference; lastKnownFileType = sourcecode.swift; path = VideoListView.swift; sourceTree = "<group>"; };
		FA21BFAF263151A6003D4E2A /* MapView.swift */ = {isa = PBXFileReference; lastKnownFileType = sourcecode.swift; path = MapView.swift; sourceTree = "<group>"; };
		FA21BFB2263151CB003D4E2A /* GalleryView.swift */ = {isa = PBXFileReference; lastKnownFileType = sourcecode.swift; path = GalleryView.swift; sourceTree = "<group>"; };
		FA21BFB5263151EF003D4E2A /* MainView.swift */ = {isa = PBXFileReference; lastKnownFileType = sourcecode.swift; path = MainView.swift; sourceTree = "<group>"; };
		FA224C3026373344005E734A /* AnimalDetailView.swift */ = {isa = PBXFileReference; lastKnownFileType = sourcecode.swift; path = AnimalDetailView.swift; sourceTree = "<group>"; };
		FA224C33263738C5005E734A /* HeadingView.swift */ = {isa = PBXFileReference; lastKnownFileType = sourcecode.swift; path = HeadingView.swift; sourceTree = "<group>"; };
		FA224C3626373BCA005E734A /* InsetGalleryView.swift */ = {isa = PBXFileReference; lastKnownFileType = sourcecode.swift; path = InsetGalleryView.swift; sourceTree = "<group>"; };
		FA336A352631D91C00F99E61 /* CoverImageView.swift */ = {isa = PBXFileReference; lastKnownFileType = sourcecode.swift; path = CoverImageView.swift; sourceTree = "<group>"; };
		FA336A3A2631DC4000F99E61 /* CoverImageModel.swift */ = {isa = PBXFileReference; lastKnownFileType = sourcecode.swift; path = CoverImageModel.swift; sourceTree = "<group>"; };
		FA336A3E2631DE1A00F99E61 /* CodableBundleExtension.swift */ = {isa = PBXFileReference; lastKnownFileType = sourcecode.swift; path = CodableBundleExtension.swift; sourceTree = "<group>"; };
		FA336A422631ED1E00F99E61 /* AnimalListItemView.swift */ = {isa = PBXFileReference; lastKnownFileType = sourcecode.swift; path = AnimalListItemView.swift; sourceTree = "<group>"; };
		FA336A452631F1A400F99E61 /* AnimalModel.swift */ = {isa = PBXFileReference; lastKnownFileType = sourcecode.swift; path = AnimalModel.swift; sourceTree = "<group>"; };
		FA75E05E2637D701000CC74D /* InsetFactView.swift */ = {isa = PBXFileReference; lastKnownFileType = sourcecode.swift; path = InsetFactView.swift; sourceTree = "<group>"; };
		FA75E0612637DD37000CC74D /* InsetMapView.swift */ = {isa = PBXFileReference; lastKnownFileType = sourcecode.swift; path = InsetMapView.swift; sourceTree = "<group>"; };
		FAAA7A312638048F00710934 /* VideoModel.swift */ = {isa = PBXFileReference; lastKnownFileType = sourcecode.swift; path = VideoModel.swift; sourceTree = "<group>"; };
		FAAA7A332638052A00710934 /* VideoListItemView.swift */ = {isa = PBXFileReference; lastKnownFileType = sourcecode.swift; path = VideoListItemView.swift; sourceTree = "<group>"; };
		FAAECAC5263882560075191A /* VideoPlayerHelper.swift */ = {isa = PBXFileReference; lastKnownFileType = sourcecode.swift; path = VideoPlayerHelper.swift; sourceTree = "<group>"; };
		FAE10ADB26388067004D61CB /* VideoPlayerView.swift */ = {isa = PBXFileReference; lastKnownFileType = sourcecode.swift; path = VideoPlayerView.swift; sourceTree = "<group>"; };
/* End PBXFileReference section */

/* Begin PBXFrameworksBuildPhase section */
		FA21BF7326314686003D4E2A /* Frameworks */ = {
			isa = PBXFrameworksBuildPhase;
			buildActionMask = 2147483647;
			files = (
			);
			runOnlyForDeploymentPostprocessing = 0;
		};
/* End PBXFrameworksBuildPhase section */

/* Begin PBXGroup section */
		FA21BF6D26314686003D4E2A = {
			isa = PBXGroup;
			children = (
				FA21BF7826314686003D4E2A /* Africa */,
				FA21BF7726314686003D4E2A /* Products */,
			);
			sourceTree = "<group>";
		};
		FA21BF7726314686003D4E2A /* Products */ = {
			isa = PBXGroup;
			children = (
				FA21BF7626314686003D4E2A /* Africa.app */,
			);
			name = Products;
			sourceTree = "<group>";
		};
		FA21BF7826314686003D4E2A /* Africa */ = {
			isa = PBXGroup;
			children = (
				FAAECAC4263882380075191A /* Helper */,
				FA336A3D2631DDE900F99E61 /* Extension */,
				FA336A392631DC1900F99E61 /* Model */,
				FA336A342631D8DF00F99E61 /* View */,
				FA21BF9F26314B8A003D4E2A /* Data */,
				FA21BF8926314A90003D4E2A /* Video */,
				FA21BFAA26315115003D4E2A /* App */,
				FA21BF7D26314686003D4E2A /* Assets.xcassets */,
				FA21BF8226314686003D4E2A /* Info.plist */,
				FA21BF7F26314686003D4E2A /* Preview Content */,
			);
			path = Africa;
			sourceTree = "<group>";
		};
		FA21BF7F26314686003D4E2A /* Preview Content */ = {
			isa = PBXGroup;
			children = (
				FA21BF8026314686003D4E2A /* Preview Assets.xcassets */,
			);
			path = "Preview Content";
			sourceTree = "<group>";
		};
		FA21BF8926314A90003D4E2A /* Video */ = {
			isa = PBXGroup;
			children = (
				FA21BF8A26314AFD003D4E2A /* cheetah.mp4 */,
				FA21BF8B26314AFD003D4E2A /* elephant.mp4 */,
				FA21BF9126314AFD003D4E2A /* giraffe.mp4 */,
				FA21BF8E26314AFD003D4E2A /* gorilla.mp4 */,
				FA21BF9226314AFD003D4E2A /* hippo.mp4 */,
				FA21BF9326314AFD003D4E2A /* lion.mp4 */,
				FA21BF8C26314AFD003D4E2A /* lioness.mp4 */,
				FA21BF8D26314AFD003D4E2A /* ostrich.mp4 */,
				FA21BF8F26314AFD003D4E2A /* rhino.mp4 */,
				FA21BF9026314AFD003D4E2A /* zebra.mp4 */,
			);
			path = Video;
			sourceTree = "<group>";
		};
		FA21BF9F26314B8A003D4E2A /* Data */ = {
			isa = PBXGroup;
			children = (
				FA21BFA026314BD0003D4E2A /* animals.json */,
				FA21BFA126314BD0003D4E2A /* covers.json */,
				FA21BFA226314BD0003D4E2A /* locations.json */,
				FA21BFA326314BD0003D4E2A /* videos.json */,
			);
			path = Data;
			sourceTree = "<group>";
		};
		FA21BFAA26315115003D4E2A /* App */ = {
			isa = PBXGroup;
			children = (
				FA21BF7926314686003D4E2A /* AfricaApp.swift */,
				FA21BF7B26314686003D4E2A /* ContentView.swift */,
				FA21BFAC26315181003D4E2A /* VideoListView.swift */,
				FA21BFAF263151A6003D4E2A /* MapView.swift */,
				FA21BFB2263151CB003D4E2A /* GalleryView.swift */,
				FA21BFB5263151EF003D4E2A /* MainView.swift */,
			);
			path = App;
			sourceTree = "<group>";
		};
		FA336A342631D8DF00F99E61 /* View */ = {
			isa = PBXGroup;
			children = (
				FA336A352631D91C00F99E61 /* CoverImageView.swift */,
				FA336A422631ED1E00F99E61 /* AnimalListItemView.swift */,
				FA224C3026373344005E734A /* AnimalDetailView.swift */,
				FA224C33263738C5005E734A /* HeadingView.swift */,
				FA224C3626373BCA005E734A /* InsetGalleryView.swift */,
				FA75E05E2637D701000CC74D /* InsetFactView.swift */,
				FA75E0612637DD37000CC74D /* InsetMapView.swift */,
				FA18D2C82637E5BD003BA3D0 /* ExternalWeblinkView.swift */,
				FAAA7A332638052A00710934 /* VideoListItemView.swift */,
				FAE10ADB26388067004D61CB /* VideoPlayerView.swift */,
			);
			path = View;
			sourceTree = "<group>";
		};
		FA336A392631DC1900F99E61 /* Model */ = {
			isa = PBXGroup;
			children = (
				FA336A3A2631DC4000F99E61 /* CoverImageModel.swift */,
				FA336A452631F1A400F99E61 /* AnimalModel.swift */,
				FAAA7A312638048F00710934 /* VideoModel.swift */,
			);
			path = Model;
			sourceTree = "<group>";
		};
		FA336A3D2631DDE900F99E61 /* Extension */ = {
			isa = PBXGroup;
			children = (
				FA336A3E2631DE1A00F99E61 /* CodableBundleExtension.swift */,
			);
			path = Extension;
			sourceTree = "<group>";
		};
		FAAECAC4263882380075191A /* Helper */ = {
			isa = PBXGroup;
			children = (
				FAAECAC5263882560075191A /* VideoPlayerHelper.swift */,
			);
			path = Helper;
			sourceTree = "<group>";
		};
/* End PBXGroup section */

/* Begin PBXNativeTarget section */
		FA21BF7526314686003D4E2A /* Africa */ = {
			isa = PBXNativeTarget;
			buildConfigurationList = FA21BF8526314686003D4E2A /* Build configuration list for PBXNativeTarget "Africa" */;
			buildPhases = (
				FA21BF7226314686003D4E2A /* Sources */,
				FA21BF7326314686003D4E2A /* Frameworks */,
				FA21BF7426314686003D4E2A /* Resources */,
			);
			buildRules = (
			);
			dependencies = (
			);
			name = Africa;
			productName = Africa;
			productReference = FA21BF7626314686003D4E2A /* Africa.app */;
			productType = "com.apple.product-type.application";
		};
/* End PBXNativeTarget section */

/* Begin PBXProject section */
		FA21BF6E26314686003D4E2A /* Project object */ = {
			isa = PBXProject;
			attributes = {
				LastSwiftUpdateCheck = 1240;
				LastUpgradeCheck = 1240;
				TargetAttributes = {
					FA21BF7526314686003D4E2A = {
						CreatedOnToolsVersion = 12.4;
					};
				};
			};
			buildConfigurationList = FA21BF7126314686003D4E2A /* Build configuration list for PBXProject "Africa" */;
			compatibilityVersion = "Xcode 9.3";
			developmentRegion = en;
			hasScannedForEncodings = 0;
			knownRegions = (
				en,
				Base,
			);
			mainGroup = FA21BF6D26314686003D4E2A;
			productRefGroup = FA21BF7726314686003D4E2A /* Products */;
			projectDirPath = "";
			projectRoot = "";
			targets = (
				FA21BF7526314686003D4E2A /* Africa */,
			);
		};
/* End PBXProject section */

/* Begin PBXResourcesBuildPhase section */
		FA21BF7426314686003D4E2A /* Resources */ = {
			isa = PBXResourcesBuildPhase;
			buildActionMask = 2147483647;
			files = (
				FA21BF9926314AFD003D4E2A /* rhino.mp4 in Resources */,
				FA21BF9D26314AFD003D4E2A /* lion.mp4 in Resources */,
				FA21BF9C26314AFD003D4E2A /* hippo.mp4 in Resources */,
				FA21BF9726314AFD003D4E2A /* ostrich.mp4 in Resources */,
				FA21BF9526314AFD003D4E2A /* elephant.mp4 in Resources */,
				FA21BF8126314686003D4E2A /* Preview Assets.xcassets in Resources */,
				FA21BF9B26314AFD003D4E2A /* giraffe.mp4 in Resources */,
				FA21BFA626314BD0003D4E2A /* locations.json in Resources */,
				FA21BFA526314BD0003D4E2A /* covers.json in Resources */,
				FA21BFA426314BD0003D4E2A /* animals.json in Resources */,
				FA21BF9826314AFD003D4E2A /* gorilla.mp4 in Resources */,
				FA21BF9626314AFD003D4E2A /* lioness.mp4 in Resources */,
				FA21BF7E26314686003D4E2A /* Assets.xcassets in Resources */,
				FA21BFA726314BD0003D4E2A /* videos.json in Resources */,
				FA21BF9A26314AFD003D4E2A /* zebra.mp4 in Resources */,
				FA21BF9426314AFD003D4E2A /* cheetah.mp4 in Resources */,
			);
			runOnlyForDeploymentPostprocessing = 0;
		};
/* End PBXResourcesBuildPhase section */

/* Begin PBXSourcesBuildPhase section */
		FA21BF7226314686003D4E2A /* Sources */ = {
			isa = PBXSourcesBuildPhase;
			buildActionMask = 2147483647;
			files = (
				FAAA7A342638052A00710934 /* VideoListItemView.swift in Sources */,
				FA18D2C92637E5BD003BA3D0 /* ExternalWeblinkView.swift in Sources */,
				FA21BF7C26314686003D4E2A /* ContentView.swift in Sources */,
				FA336A432631ED1E00F99E61 /* AnimalListItemView.swift in Sources */,
				FA21BFB6263151EF003D4E2A /* MainView.swift in Sources */,
				FA75E05F2637D701000CC74D /* InsetFactView.swift in Sources */,
				FA336A362631D91C00F99E61 /* CoverImageView.swift in Sources */,
				FA336A3B2631DC4100F99E61 /* CoverImageModel.swift in Sources */,
				FA224C3126373344005E734A /* AnimalDetailView.swift in Sources */,
				FA336A462631F1A400F99E61 /* AnimalModel.swift in Sources */,
				FAAECAC6263882560075191A /* VideoPlayerHelper.swift in Sources */,
				FA21BFB0263151A6003D4E2A /* MapView.swift in Sources */,
				FA75E0622637DD37000CC74D /* InsetMapView.swift in Sources */,
				FA21BF7A26314686003D4E2A /* AfricaApp.swift in Sources */,
				FA21BFAD26315181003D4E2A /* VideoListView.swift in Sources */,
				FAAA7A322638048F00710934 /* VideoModel.swift in Sources */,
				FA21BFB3263151CB003D4E2A /* GalleryView.swift in Sources */,
				FA224C3726373BCA005E734A /* InsetGalleryView.swift in Sources */,
				FA336A3F2631DE1A00F99E61 /* CodableBundleExtension.swift in Sources */,
				FA224C34263738C5005E734A /* HeadingView.swift in Sources */,
				FAE10ADC26388067004D61CB /* VideoPlayerView.swift in Sources */,
			);
			runOnlyForDeploymentPostprocessing = 0;
		};
/* End PBXSourcesBuildPhase section */

/* Begin XCBuildConfiguration section */
		FA21BF8326314686003D4E2A /* Debug */ = {
			isa = XCBuildConfiguration;
			buildSettings = {
				ALWAYS_SEARCH_USER_PATHS = NO;
				CLANG_ANALYZER_NONNULL = YES;
				CLANG_ANALYZER_NUMBER_OBJECT_CONVERSION = YES_AGGRESSIVE;
				CLANG_CXX_LANGUAGE_STANDARD = "gnu++14";
				CLANG_CXX_LIBRARY = "libc++";
				CLANG_ENABLE_MODULES = YES;
				CLANG_ENABLE_OBJC_ARC = YES;
				CLANG_ENABLE_OBJC_WEAK = YES;
				CLANG_WARN_BLOCK_CAPTURE_AUTORELEASING = YES;
				CLANG_WARN_BOOL_CONVERSION = YES;
				CLANG_WARN_COMMA = YES;
				CLANG_WARN_CONSTANT_CONVERSION = YES;
				CLANG_WARN_DEPRECATED_OBJC_IMPLEMENTATIONS = YES;
				CLANG_WARN_DIRECT_OBJC_ISA_USAGE = YES_ERROR;
				CLANG_WARN_DOCUMENTATION_COMMENTS = YES;
				CLANG_WARN_EMPTY_BODY = YES;
				CLANG_WARN_ENUM_CONVERSION = YES;
				CLANG_WARN_INFINITE_RECURSION = YES;
				CLANG_WARN_INT_CONVERSION = YES;
				CLANG_WARN_NON_LITERAL_NULL_CONVERSION = YES;
				CLANG_WARN_OBJC_IMPLICIT_RETAIN_SELF = YES;
				CLANG_WARN_OBJC_LITERAL_CONVERSION = YES;
				CLANG_WARN_OBJC_ROOT_CLASS = YES_ERROR;
				CLANG_WARN_QUOTED_INCLUDE_IN_FRAMEWORK_HEADER = YES;
				CLANG_WARN_RANGE_LOOP_ANALYSIS = YES;
				CLANG_WARN_STRICT_PROTOTYPES = YES;
				CLANG_WARN_SUSPICIOUS_MOVE = YES;
				CLANG_WARN_UNGUARDED_AVAILABILITY = YES_AGGRESSIVE;
				CLANG_WARN_UNREACHABLE_CODE = YES;
				CLANG_WARN__DUPLICATE_METHOD_MATCH = YES;
				COPY_PHASE_STRIP = NO;
				DEBUG_INFORMATION_FORMAT = dwarf;
				ENABLE_STRICT_OBJC_MSGSEND = YES;
				ENABLE_TESTABILITY = YES;
				GCC_C_LANGUAGE_STANDARD = gnu11;
				GCC_DYNAMIC_NO_PIC = NO;
				GCC_NO_COMMON_BLOCKS = YES;
				GCC_OPTIMIZATION_LEVEL = 0;
				GCC_PREPROCESSOR_DEFINITIONS = (
					"DEBUG=1",
					"$(inherited)",
				);
				GCC_WARN_64_TO_32_BIT_CONVERSION = YES;
				GCC_WARN_ABOUT_RETURN_TYPE = YES_ERROR;
				GCC_WARN_UNDECLARED_SELECTOR = YES;
				GCC_WARN_UNINITIALIZED_AUTOS = YES_AGGRESSIVE;
				GCC_WARN_UNUSED_FUNCTION = YES;
				GCC_WARN_UNUSED_VARIABLE = YES;
				IPHONEOS_DEPLOYMENT_TARGET = 14.4;
				MTL_ENABLE_DEBUG_INFO = INCLUDE_SOURCE;
				MTL_FAST_MATH = YES;
				ONLY_ACTIVE_ARCH = YES;
				SDKROOT = iphoneos;
				SWIFT_ACTIVE_COMPILATION_CONDITIONS = DEBUG;
				SWIFT_OPTIMIZATION_LEVEL = "-Onone";
			};
			name = Debug;
		};
		FA21BF8426314686003D4E2A /* Release */ = {
			isa = XCBuildConfiguration;
			buildSettings = {
				ALWAYS_SEARCH_USER_PATHS = NO;
				CLANG_ANALYZER_NONNULL = YES;
				CLANG_ANALYZER_NUMBER_OBJECT_CONVERSION = YES_AGGRESSIVE;
				CLANG_CXX_LANGUAGE_STANDARD = "gnu++14";
				CLANG_CXX_LIBRARY = "libc++";
				CLANG_ENABLE_MODULES = YES;
				CLANG_ENABLE_OBJC_ARC = YES;
				CLANG_ENABLE_OBJC_WEAK = YES;
				CLANG_WARN_BLOCK_CAPTURE_AUTORELEASING = YES;
				CLANG_WARN_BOOL_CONVERSION = YES;
				CLANG_WARN_COMMA = YES;
				CLANG_WARN_CONSTANT_CONVERSION = YES;
				CLANG_WARN_DEPRECATED_OBJC_IMPLEMENTATIONS = YES;
				CLANG_WARN_DIRECT_OBJC_ISA_USAGE = YES_ERROR;
				CLANG_WARN_DOCUMENTATION_COMMENTS = YES;
				CLANG_WARN_EMPTY_BODY = YES;
				CLANG_WARN_ENUM_CONVERSION = YES;
				CLANG_WARN_INFINITE_RECURSION = YES;
				CLANG_WARN_INT_CONVERSION = YES;
				CLANG_WARN_NON_LITERAL_NULL_CONVERSION = YES;
				CLANG_WARN_OBJC_IMPLICIT_RETAIN_SELF = YES;
				CLANG_WARN_OBJC_LITERAL_CONVERSION = YES;
				CLANG_WARN_OBJC_ROOT_CLASS = YES_ERROR;
				CLANG_WARN_QUOTED_INCLUDE_IN_FRAMEWORK_HEADER = YES;
				CLANG_WARN_RANGE_LOOP_ANALYSIS = YES;
				CLANG_WARN_STRICT_PROTOTYPES = YES;
				CLANG_WARN_SUSPICIOUS_MOVE = YES;
				CLANG_WARN_UNGUARDED_AVAILABILITY = YES_AGGRESSIVE;
				CLANG_WARN_UNREACHABLE_CODE = YES;
				CLANG_WARN__DUPLICATE_METHOD_MATCH = YES;
				COPY_PHASE_STRIP = NO;
				DEBUG_INFORMATION_FORMAT = "dwarf-with-dsym";
				ENABLE_NS_ASSERTIONS = NO;
				ENABLE_STRICT_OBJC_MSGSEND = YES;
				GCC_C_LANGUAGE_STANDARD = gnu11;
				GCC_NO_COMMON_BLOCKS = YES;
				GCC_WARN_64_TO_32_BIT_CONVERSION = YES;
				GCC_WARN_ABOUT_RETURN_TYPE = YES_ERROR;
				GCC_WARN_UNDECLARED_SELECTOR = YES;
				GCC_WARN_UNINITIALIZED_AUTOS = YES_AGGRESSIVE;
				GCC_WARN_UNUSED_FUNCTION = YES;
				GCC_WARN_UNUSED_VARIABLE = YES;
				IPHONEOS_DEPLOYMENT_TARGET = 14.4;
				MTL_ENABLE_DEBUG_INFO = NO;
				MTL_FAST_MATH = YES;
				SDKROOT = iphoneos;
				SWIFT_COMPILATION_MODE = wholemodule;
				SWIFT_OPTIMIZATION_LEVEL = "-O";
				VALIDATE_PRODUCT = YES;
			};
			name = Release;
		};
		FA21BF8626314686003D4E2A /* Debug */ = {
			isa = XCBuildConfiguration;
			buildSettings = {
				ASSETCATALOG_COMPILER_APPICON_NAME = AppIcon;
				ASSETCATALOG_COMPILER_GLOBAL_ACCENT_COLOR_NAME = AccentColor;
				CODE_SIGN_STYLE = Automatic;
				DEVELOPMENT_ASSET_PATHS = "\"Africa/Preview Content\"";
				DEVELOPMENT_TEAM = 94XVDM8HU6;
				ENABLE_PREVIEWS = YES;
				INFOPLIST_FILE = Africa/Info.plist;
				IPHONEOS_DEPLOYMENT_TARGET = 14.0;
				LD_RUNPATH_SEARCH_PATHS = (
					"$(inherited)",
					"@executable_path/Frameworks",
				);
				PRODUCT_BUNDLE_IDENTIFIER = ru.wartyataw.Africa;
				PRODUCT_NAME = "$(TARGET_NAME)";
				SWIFT_VERSION = 5.0;
				TARGETED_DEVICE_FAMILY = "1,2";
			};
			name = Debug;
		};
		FA21BF8726314686003D4E2A /* Release */ = {
			isa = XCBuildConfiguration;
			buildSettings = {
				ASSETCATALOG_COMPILER_APPICON_NAME = AppIcon;
				ASSETCATALOG_COMPILER_GLOBAL_ACCENT_COLOR_NAME = AccentColor;
				CODE_SIGN_STYLE = Automatic;
				DEVELOPMENT_ASSET_PATHS = "\"Africa/Preview Content\"";
				DEVELOPMENT_TEAM = 94XVDM8HU6;
				ENABLE_PREVIEWS = YES;
				INFOPLIST_FILE = Africa/Info.plist;
				IPHONEOS_DEPLOYMENT_TARGET = 14.0;
				LD_RUNPATH_SEARCH_PATHS = (
					"$(inherited)",
					"@executable_path/Frameworks",
				);
				PRODUCT_BUNDLE_IDENTIFIER = ru.wartyataw.Africa;
				PRODUCT_NAME = "$(TARGET_NAME)";
				SWIFT_VERSION = 5.0;
				TARGETED_DEVICE_FAMILY = "1,2";
			};
			name = Release;
		};
/* End XCBuildConfiguration section */

/* Begin XCConfigurationList section */
		FA21BF7126314686003D4E2A /* Build configuration list for PBXProject "Africa" */ = {
			isa = XCConfigurationList;
			buildConfigurations = (
				FA21BF8326314686003D4E2A /* Debug */,
				FA21BF8426314686003D4E2A /* Release */,
			);
			defaultConfigurationIsVisible = 0;
			defaultConfigurationName = Release;
		};
		FA21BF8526314686003D4E2A /* Build configuration list for PBXNativeTarget "Africa" */ = {
			isa = XCConfigurationList;
			buildConfigurations = (
				FA21BF8626314686003D4E2A /* Debug */,
				FA21BF8726314686003D4E2A /* Release */,
			);
			defaultConfigurationIsVisible = 0;
			defaultConfigurationName = Release;
		};
/* End XCConfigurationList section */
	};
	rootObject = FA21BF6E26314686003D4E2A /* Project object */;
}
